
Microsoft Visual Studio Solution File, Format Version 12.00
# Visual Studio 15
VisualStudioVersion = 15.0.26124.0
MinimumVisualStudioVersion = 15.0.26124.0
Project("{2150E333-8FDC-42A3-9474-1A3956D46DE8}") = "src", "src", "{12EB5D6A-B79E-4838-8C21-D985336B096B}"
EndProject
Project("{F2A71F9B-5D33-465A-A702-920D77279786}") = "RectangleIntoSquares", "src\RectangleIntoSquares\RectangleIntoSquares.fsproj", "{ADEBF0A8-7161-4C38-B49A-90232ED494BD}"
EndProject
Project("{F2A71F9B-5D33-465A-A702-920D77279786}") = "RectangleIntoSquares.Tests", "src\RectangleIntoSquares.Tests\RectangleIntoSquares.Tests.fsproj", "{43AA4C80-F035-4AD0-842A-3C4F2AE8D93D}"
EndProject
Global
	GlobalSection(SolutionConfigurationPlatforms) = preSolution
		Debug|Any CPU = Debug|Any CPU
		Debug|x64 = Debug|x64
		Debug|x86 = Debug|x86
		Release|Any CPU = Release|Any CPU
		Release|x64 = Release|x64
		Release|x86 = Release|x86
	EndGlobalSection
	GlobalSection(SolutionProperties) = preSolution
		HideSolutionNode = FALSE
	EndGlobalSection
	GlobalSection(ProjectConfigurationPlatforms) = postSolution
		{ADEBF0A8-7161-4C38-B49A-90232ED494BD}.Debug|Any CPU.ActiveCfg = Debug|Any CPU
		{ADEBF0A8-7161-4C38-B49A-90232ED494BD}.Debug|Any CPU.Build.0 = Debug|Any CPU
		{ADEBF0A8-7161-4C38-B49A-90232ED494BD}.Debug|x64.ActiveCfg = Debug|x64
		{ADEBF0A8-7161-4C38-B49A-90232ED494BD}.Debug|x64.Build.0 = Debug|x64
		{ADEBF0A8-7161-4C38-B49A-90232ED494BD}.Debug|x86.ActiveCfg = Debug|x86
		{ADEBF0A8-7161-4C38-B49A-90232ED494BD}.Debug|x86.Build.0 = Debug|x86
		{ADEBF0A8-7161-4C38-B49A-90232ED494BD}.Release|Any CPU.ActiveCfg = Release|Any CPU
		{ADEBF0A8-7161-4C38-B49A-90232ED494BD}.Release|Any CPU.Build.0 = Release|Any CPU
		{ADEBF0A8-7161-4C38-B49A-90232ED494BD}.Release|x64.ActiveCfg = Release|x64
		{ADEBF0A8-7161-4C38-B49A-90232ED494BD}.Release|x64.Build.0 = Release|x64
		{ADEBF0A8-7161-4C38-B49A-90232ED494BD}.Release|x86.ActiveCfg = Release|x86
		{ADEBF0A8-7161-4C38-B49A-90232ED494BD}.Release|x86.Build.0 = Release|x86
		{43AA4C80-F035-4AD0-842A-3C4F2AE8D93D}.Debug|Any CPU.ActiveCfg = Debug|Any CPU
		{43AA4C80-F035-4AD0-842A-3C4F2AE8D93D}.Debug|Any CPU.Build.0 = Debug|Any CPU
		{43AA4C80-F035-4AD0-842A-3C4F2AE8D93D}.Debug|x64.ActiveCfg = Debug|x64
		{43AA4C80-F035-4AD0-842A-3C4F2AE8D93D}.Debug|x64.Build.0 = Debug|x64
		{43AA4C80-F035-4AD0-842A-3C4F2AE8D93D}.Debug|x86.ActiveCfg = Debug|x86
		{43AA4C80-F035-4AD0-842A-3C4F2AE8D93D}.Debug|x86.Build.0 = Debug|x86
		{43AA4C80-F035-4AD0-842A-3C4F2AE8D93D}.Release|Any CPU.ActiveCfg = Release|Any CPU
		{43AA4C80-F035-4AD0-842A-3C4F2AE8D93D}.Release|Any CPU.Build.0 = Release|Any CPU
		{43AA4C80-F035-4AD0-842A-3C4F2AE8D93D}.Release|x64.ActiveCfg = Release|x64
		{43AA4C80-F035-4AD0-842A-3C4F2AE8D93D}.Release|x64.Build.0 = Release|x64
		{43AA4C80-F035-4AD0-842A-3C4F2AE8D93D}.Release|x86.ActiveCfg = Release|x86
		{43AA4C80-F035-4AD0-842A-3C4F2AE8D93D}.Release|x86.Build.0 = Release|x86
	EndGlobalSection
	GlobalSection(NestedProjects) = preSolution
		{ADEBF0A8-7161-4C38-B49A-90232ED494BD} = {12EB5D6A-B79E-4838-8C21-D985336B096B}
		{43AA4C80-F035-4AD0-842A-3C4F2AE8D93D} = {12EB5D6A-B79E-4838-8C21-D985336B096B}
	EndGlobalSection
EndGlobal
