# This file is automatically @generated by Poetry 1.7.0 and should not be changed by hand.

[[package]]
name = "astar"
version = "0.99"
description = "generic A-Star path searching algorithm"
optional = false
python-versions = ">=3.8,<4.0.0"
files = [
    {file = "astar-0.99-py3-none-any.whl", hash = "sha256:4d6e9bf8e90543d38cde7d90e873db78c5132247959c2d65abb8ac9d7e666aaf"},
]

[package.dependencies]
sortedcontainers = ">=2.4.0"

[[package]]
name = "sortedcontainers"
version = "2.4.0"
description = "Sorted Containers -- Sorted List, Sorted Dict, Sorted Set"
optional = false
python-versions = "*"
files = [
    {file = "sortedcontainers-2.4.0-py2.py3-none-any.whl", hash = "sha256:a163dcaede0f1c021485e957a39245190e74249897e2ae4b2aa38595db237ee0"},
    {file = "sortedcontainers-2.4.0.tar.gz", hash = "sha256:25caa5a06cc30b6b83d11423433f65d1f9d76c4c6a0c90e3379eaa43b9bfdb88"},
]

[metadata]
lock-version = "2.0"
python-versions = "^3.12"
content-hash = "a86d67b499768e98c6dfd3248d23bfcef2d16df816f1060ecb2d680edc3145fc"
